// !$*UTF8*$!
{
	archiveVersion = 1;
	classes = {
	};
	objectVersion = 50;
	objects = {

/* Begin PBXBuildFile section */
		8B0DD5D42214EA6200146683 /* TopBarView.swift in Sources */ = {isa = PBXBuildFile; fileRef = 8B0DD5D32214EA6200146683 /* TopBarView.swift */; };
		8B0DD5DA2215C14300146683 /* TrackListView.xib in Resources */ = {isa = PBXBuildFile; fileRef = 8B0DD5D92215C14300146683 /* TrackListView.xib */; };
		8B0DD5DC2215C1A400146683 /* TrackListView.swift in Sources */ = {isa = PBXBuildFile; fileRef = 8B0DD5DB2215C1A400146683 /* TrackListView.swift */; };
		8B2E02D6225EA2D400ADC246 /* VGBaseTracksListView.swift in Sources */ = {isa = PBXBuildFile; fileRef = 8B2E02D3225EA2D300ADC246 /* VGBaseTracksListView.swift */; };
		8B2E02D7225EA2D400ADC246 /* iTunesTracksListView.xib in Resources */ = {isa = PBXBuildFile; fileRef = 8B2E02D4225EA2D300ADC246 /* iTunesTracksListView.xib */; };
		8B2E02D8225EA2D400ADC246 /* iTunesTracksListView.swift in Sources */ = {isa = PBXBuildFile; fileRef = 8B2E02D5225EA2D300ADC246 /* iTunesTracksListView.swift */; };
		8B2E02DA225EA34000ADC246 /* iTunesObjects.swift in Sources */ = {isa = PBXBuildFile; fileRef = 8B2E02D9225EA34000ADC246 /* iTunesObjects.swift */; };
		8B3CCB32221B159800BD7EC1 /* AppInfosView.xib in Resources */ = {isa = PBXBuildFile; fileRef = 8B3CCB31221B159800BD7EC1 /* AppInfosView.xib */; };
		8B3CCB34221B15AA00BD7EC1 /* AppInfosView.swift in Sources */ = {isa = PBXBuildFile; fileRef = 8B3CCB33221B15AA00BD7EC1 /* AppInfosView.swift */; };
		8B3CCB37221B418500BD7EC1 /* NSSearchFieldFilterCell.swift in Sources */ = {isa = PBXBuildFile; fileRef = 8B3CCB36221B418400BD7EC1 /* NSSearchFieldFilterCell.swift */; };
		8B3CCB3B221B5AA300BD7EC1 /* DurationValueTransformer.swift in Sources */ = {isa = PBXBuildFile; fileRef = 8B3CCB3A221B5AA300BD7EC1 /* DurationValueTransformer.swift */; };
		8B3CCB3E221B756600BD7EC1 /* TrackListCell.swift in Sources */ = {isa = PBXBuildFile; fileRef = 8B3CCB3D221B756600BD7EC1 /* TrackListCell.swift */; };
		8B43834D2215FA490040D2EB /* VGBaseNSView.swift in Sources */ = {isa = PBXBuildFile; fileRef = 8B43834C2215FA490040D2EB /* VGBaseNSView.swift */; };
		8B43835122160C7D0040D2EB /* VGLoadableNib.swift in Sources */ = {isa = PBXBuildFile; fileRef = 8B43835022160C7D0040D2EB /* VGLoadableNib.swift */; };
		8B43835322175ECB0040D2EB /* NotificationNameExtension.swift in Sources */ = {isa = PBXBuildFile; fileRef = 8B43835222175ECB0040D2EB /* NotificationNameExtension.swift */; };
		8B4B487C21FFC007000AA5C2 /* iTunesLibrary.framework in Frameworks */ = {isa = PBXBuildFile; fileRef = 8B4B487B21FFC007000AA5C2 /* iTunesLibrary.framework */; };
		8B506E6A221C575C006882F0 /* UInt64ValueTransformer.swift in Sources */ = {isa = PBXBuildFile; fileRef = 8B506E69221C575C006882F0 /* UInt64ValueTransformer.swift */; };
		8B5084212240519A001A9A6D /* ExportFormView.swift in Sources */ = {isa = PBXBuildFile; fileRef = 8B5084202240519A001A9A6D /* ExportFormView.swift */; };
		8B6F3D7E2242F87C00286C86 /* DataSources.swift in Sources */ = {isa = PBXBuildFile; fileRef = 8B6F3D7D2242F87C00286C86 /* DataSources.swift */; };
		8B6F3D802244191900286C86 /* ExportButton.swift in Sources */ = {isa = PBXBuildFile; fileRef = 8B6F3D7F2244191900286C86 /* ExportButton.swift */; };
		8B7DC666221DEA15004856F7 /* ExportController.swift in Sources */ = {isa = PBXBuildFile; fileRef = 8B7DC665221DEA15004856F7 /* ExportController.swift */; };
		8B7DC668221DF5BC004856F7 /* StoryboardSegueIdentifierExtension.swift in Sources */ = {isa = PBXBuildFile; fileRef = 8B7DC667221DF5BC004856F7 /* StoryboardSegueIdentifierExtension.swift */; };
		8B7DC66B221DFA3D004856F7 /* BaseProjectViewController.swift in Sources */ = {isa = PBXBuildFile; fileRef = 8B7DC66A221DFA3D004856F7 /* BaseProjectViewController.swift */; };
		8BAE61E122527B07007C13FE /* VGBrowsePathFormView.swift in Sources */ = {isa = PBXBuildFile; fileRef = 8BAE61DA22527B07007C13FE /* VGBrowsePathFormView.swift */; };
		8BAE61E222527B07007C13FE /* VGComboBoxFormView.xib in Resources */ = {isa = PBXBuildFile; fileRef = 8BAE61DB22527B07007C13FE /* VGComboBoxFormView.xib */; };
		8BAE61E322527B07007C13FE /* VGBrowsePathFormView.xib in Resources */ = {isa = PBXBuildFile; fileRef = 8BAE61DC22527B07007C13FE /* VGBrowsePathFormView.xib */; };
		8BAE61E422527B07007C13FE /* VGForm.swift in Sources */ = {isa = PBXBuildFile; fileRef = 8BAE61DD22527B07007C13FE /* VGForm.swift */; };
		8BAE61E522527B07007C13FE /* VGComboBoxFormView.swift in Sources */ = {isa = PBXBuildFile; fileRef = 8BAE61DE22527B07007C13FE /* VGComboBoxFormView.swift */; };
		8BAE61E622527B07007C13FE /* VGTextInputFormView.xib in Resources */ = {isa = PBXBuildFile; fileRef = 8BAE61DF22527B07007C13FE /* VGTextInputFormView.xib */; };
		8BAE61E722527B07007C13FE /* VGTextInputFormView.swift in Sources */ = {isa = PBXBuildFile; fileRef = 8BAE61E022527B07007C13FE /* VGTextInputFormView.swift */; };
		8BAE61ED22527CE2007C13FE /* VGOperation.swift in Sources */ = {isa = PBXBuildFile; fileRef = 8BAE61E922527CE2007C13FE /* VGOperation.swift */; };
		8BAE61EE22527CE2007C13FE /* FilesOperationQueue.swift in Sources */ = {isa = PBXBuildFile; fileRef = 8BAE61EA22527CE2007C13FE /* FilesOperationQueue.swift */; };
		8BAE61EF22527CE2007C13FE /* FileOperation.swift in Sources */ = {isa = PBXBuildFile; fileRef = 8BAE61EB22527CE2007C13FE /* FileOperation.swift */; };
		8BD228E02218BB2C00A7ABA3 /* VGBaseNSViewController.swift in Sources */ = {isa = PBXBuildFile; fileRef = 8BD228DF2218BB2C00A7ABA3 /* VGBaseNSViewController.swift */; };
		8BE2D75E21FA8A9900E12848 /* AppDelegate.swift in Sources */ = {isa = PBXBuildFile; fileRef = 8BE2D75D21FA8A9900E12848 /* AppDelegate.swift */; };
		8BE2D76021FA8A9900E12848 /* ViewController.swift in Sources */ = {isa = PBXBuildFile; fileRef = 8BE2D75F21FA8A9900E12848 /* ViewController.swift */; };
		8BE2D76221FA8A9B00E12848 /* Assets.xcassets in Resources */ = {isa = PBXBuildFile; fileRef = 8BE2D76121FA8A9B00E12848 /* Assets.xcassets */; };
		8BE2D76521FA8A9B00E12848 /* Main.storyboard in Resources */ = {isa = PBXBuildFile; fileRef = 8BE2D76321FA8A9B00E12848 /* Main.storyboard */; };
		8BE2D76F21FB74AC00E12848 /* AppleScriptObjC.framework in Frameworks */ = {isa = PBXBuildFile; fileRef = 8BE2D76E21FB74AC00E12848 /* AppleScriptObjC.framework */; };
		8BE2D77121FB74EA00E12848 /* iTunesBridge.swift in Sources */ = {isa = PBXBuildFile; fileRef = 8BE2D77021FB74EA00E12848 /* iTunesBridge.swift */; };
		8BE2D77821FB751F00E12848 /* PlaylistImageCell.swift in Sources */ = {isa = PBXBuildFile; fileRef = 8BE2D77621FB751F00E12848 /* PlaylistImageCell.swift */; };
		8BE2D77921FB751F00E12848 /* PlaylistTableCellView.swift in Sources */ = {isa = PBXBuildFile; fileRef = 8BE2D77721FB751F00E12848 /* PlaylistTableCellView.swift */; };
		8BFDB41C2240444D008E8FED /* Types.swift in Sources */ = {isa = PBXBuildFile; fileRef = 8BFDB41B2240444D008E8FED /* Types.swift */; };
/* End PBXBuildFile section */

/* Begin PBXFileReference section */
		8B0DD5D32214EA6200146683 /* TopBarView.swift */ = {isa = PBXFileReference; lastKnownFileType = sourcecode.swift; path = TopBarView.swift; sourceTree = "<group>"; };
		8B0DD5D92215C14300146683 /* TrackListView.xib */ = {isa = PBXFileReference; lastKnownFileType = file.xib; path = TrackListView.xib; sourceTree = "<group>"; };
		8B0DD5DB2215C1A400146683 /* TrackListView.swift */ = {isa = PBXFileReference; lastKnownFileType = sourcecode.swift; path = TrackListView.swift; sourceTree = "<group>"; };
		8B2E02D3225EA2D300ADC246 /* VGBaseTracksListView.swift */ = {isa = PBXFileReference; fileEncoding = 4; lastKnownFileType = sourcecode.swift; path = VGBaseTracksListView.swift; sourceTree = "<group>"; };
		8B2E02D4225EA2D300ADC246 /* iTunesTracksListView.xib */ = {isa = PBXFileReference; fileEncoding = 4; lastKnownFileType = file.xib; path = iTunesTracksListView.xib; sourceTree = "<group>"; };
		8B2E02D5225EA2D300ADC246 /* iTunesTracksListView.swift */ = {isa = PBXFileReference; fileEncoding = 4; lastKnownFileType = sourcecode.swift; path = iTunesTracksListView.swift; sourceTree = "<group>"; };
		8B2E02D9225EA34000ADC246 /* iTunesObjects.swift */ = {isa = PBXFileReference; fileEncoding = 4; lastKnownFileType = sourcecode.swift; path = iTunesObjects.swift; sourceTree = "<group>"; };
		8B3CCB31221B159800BD7EC1 /* AppInfosView.xib */ = {isa = PBXFileReference; lastKnownFileType = file.xib; path = AppInfosView.xib; sourceTree = "<group>"; };
		8B3CCB33221B15AA00BD7EC1 /* AppInfosView.swift */ = {isa = PBXFileReference; lastKnownFileType = sourcecode.swift; path = AppInfosView.swift; sourceTree = "<group>"; };
		8B3CCB36221B418400BD7EC1 /* NSSearchFieldFilterCell.swift */ = {isa = PBXFileReference; lastKnownFileType = sourcecode.swift; path = NSSearchFieldFilterCell.swift; sourceTree = "<group>"; };
		8B3CCB3A221B5AA300BD7EC1 /* DurationValueTransformer.swift */ = {isa = PBXFileReference; lastKnownFileType = sourcecode.swift; path = DurationValueTransformer.swift; sourceTree = "<group>"; };
		8B3CCB3D221B756600BD7EC1 /* TrackListCell.swift */ = {isa = PBXFileReference; lastKnownFileType = sourcecode.swift; path = TrackListCell.swift; sourceTree = "<group>"; };
		8B43834C2215FA490040D2EB /* VGBaseNSView.swift */ = {isa = PBXFileReference; lastKnownFileType = sourcecode.swift; path = VGBaseNSView.swift; sourceTree = "<group>"; };
		8B43835022160C7D0040D2EB /* VGLoadableNib.swift */ = {isa = PBXFileReference; lastKnownFileType = sourcecode.swift; path = VGLoadableNib.swift; sourceTree = "<group>"; };
		8B43835222175ECB0040D2EB /* NotificationNameExtension.swift */ = {isa = PBXFileReference; lastKnownFileType = sourcecode.swift; path = NotificationNameExtension.swift; sourceTree = "<group>"; };
		8B4B487A21FFBFB2000AA5C2 /* iTunes-Exporter-Bridging-Header.h */ = {isa = PBXFileReference; lastKnownFileType = sourcecode.c.h; name = "iTunes-Exporter-Bridging-Header.h"; path = "iTunes Exporter/iTunes-Exporter-Bridging-Header.h"; sourceTree = "<group>"; };
		8B4B487B21FFC007000AA5C2 /* iTunesLibrary.framework */ = {isa = PBXFileReference; lastKnownFileType = wrapper.framework; name = iTunesLibrary.framework; path = System/Library/Frameworks/iTunesLibrary.framework; sourceTree = SDKROOT; };
		8B506E69221C575C006882F0 /* UInt64ValueTransformer.swift */ = {isa = PBXFileReference; lastKnownFileType = sourcecode.swift; path = UInt64ValueTransformer.swift; sourceTree = "<group>"; };
		8B5084202240519A001A9A6D /* ExportFormView.swift */ = {isa = PBXFileReference; lastKnownFileType = sourcecode.swift; path = ExportFormView.swift; sourceTree = "<group>"; };
		8B6F3D7D2242F87C00286C86 /* DataSources.swift */ = {isa = PBXFileReference; lastKnownFileType = sourcecode.swift; path = DataSources.swift; sourceTree = "<group>"; };
		8B6F3D7F2244191900286C86 /* ExportButton.swift */ = {isa = PBXFileReference; lastKnownFileType = sourcecode.swift; path = ExportButton.swift; sourceTree = "<group>"; };
		8B7DC665221DEA15004856F7 /* ExportController.swift */ = {isa = PBXFileReference; lastKnownFileType = sourcecode.swift; path = ExportController.swift; sourceTree = "<group>"; };
		8B7DC667221DF5BC004856F7 /* StoryboardSegueIdentifierExtension.swift */ = {isa = PBXFileReference; lastKnownFileType = sourcecode.swift; path = StoryboardSegueIdentifierExtension.swift; sourceTree = "<group>"; };
		8B7DC66A221DFA3D004856F7 /* BaseProjectViewController.swift */ = {isa = PBXFileReference; lastKnownFileType = sourcecode.swift; path = BaseProjectViewController.swift; sourceTree = "<group>"; };
		8BAE61DA22527B07007C13FE /* VGBrowsePathFormView.swift */ = {isa = PBXFileReference; fileEncoding = 4; lastKnownFileType = sourcecode.swift; path = VGBrowsePathFormView.swift; sourceTree = "<group>"; };
		8BAE61DB22527B07007C13FE /* VGComboBoxFormView.xib */ = {isa = PBXFileReference; fileEncoding = 4; lastKnownFileType = file.xib; path = VGComboBoxFormView.xib; sourceTree = "<group>"; };
		8BAE61DC22527B07007C13FE /* VGBrowsePathFormView.xib */ = {isa = PBXFileReference; fileEncoding = 4; lastKnownFileType = file.xib; path = VGBrowsePathFormView.xib; sourceTree = "<group>"; };
		8BAE61DD22527B07007C13FE /* VGForm.swift */ = {isa = PBXFileReference; fileEncoding = 4; lastKnownFileType = sourcecode.swift; path = VGForm.swift; sourceTree = "<group>"; };
		8BAE61DE22527B07007C13FE /* VGComboBoxFormView.swift */ = {isa = PBXFileReference; fileEncoding = 4; lastKnownFileType = sourcecode.swift; path = VGComboBoxFormView.swift; sourceTree = "<group>"; };
		8BAE61DF22527B07007C13FE /* VGTextInputFormView.xib */ = {isa = PBXFileReference; fileEncoding = 4; lastKnownFileType = file.xib; path = VGTextInputFormView.xib; sourceTree = "<group>"; };
		8BAE61E022527B07007C13FE /* VGTextInputFormView.swift */ = {isa = PBXFileReference; fileEncoding = 4; lastKnownFileType = sourcecode.swift; path = VGTextInputFormView.swift; sourceTree = "<group>"; };
		8BAE61E922527CE2007C13FE /* VGOperation.swift */ = {isa = PBXFileReference; fileEncoding = 4; lastKnownFileType = sourcecode.swift; path = VGOperation.swift; sourceTree = "<group>"; };
		8BAE61EA22527CE2007C13FE /* FilesOperationQueue.swift */ = {isa = PBXFileReference; fileEncoding = 4; lastKnownFileType = sourcecode.swift; path = FilesOperationQueue.swift; sourceTree = "<group>"; };
		8BAE61EB22527CE2007C13FE /* FileOperation.swift */ = {isa = PBXFileReference; fileEncoding = 4; lastKnownFileType = sourcecode.swift; path = FileOperation.swift; sourceTree = "<group>"; };
		8BD228DF2218BB2C00A7ABA3 /* VGBaseNSViewController.swift */ = {isa = PBXFileReference; lastKnownFileType = sourcecode.swift; path = VGBaseNSViewController.swift; sourceTree = "<group>"; };
		8BE2D75A21FA8A9900E12848 /* iTunes Exporter.app */ = {isa = PBXFileReference; explicitFileType = wrapper.application; includeInIndex = 0; path = "iTunes Exporter.app"; sourceTree = BUILT_PRODUCTS_DIR; };
		8BE2D75D21FA8A9900E12848 /* AppDelegate.swift */ = {isa = PBXFileReference; lastKnownFileType = sourcecode.swift; path = AppDelegate.swift; sourceTree = "<group>"; };
		8BE2D75F21FA8A9900E12848 /* ViewController.swift */ = {isa = PBXFileReference; lastKnownFileType = sourcecode.swift; path = ViewController.swift; sourceTree = "<group>"; };
		8BE2D76121FA8A9B00E12848 /* Assets.xcassets */ = {isa = PBXFileReference; lastKnownFileType = folder.assetcatalog; path = Assets.xcassets; sourceTree = "<group>"; };
		8BE2D76421FA8A9B00E12848 /* Base */ = {isa = PBXFileReference; lastKnownFileType = file.storyboard; name = Base; path = Base.lproj/Main.storyboard; sourceTree = "<group>"; };
		8BE2D76621FA8A9B00E12848 /* Info.plist */ = {isa = PBXFileReference; lastKnownFileType = text.plist.xml; path = Info.plist; sourceTree = "<group>"; };
		8BE2D76721FA8A9B00E12848 /* iTunes_Exporter.entitlements */ = {isa = PBXFileReference; lastKnownFileType = text.plist.entitlements; path = iTunes_Exporter.entitlements; sourceTree = "<group>"; };
		8BE2D76E21FB74AC00E12848 /* AppleScriptObjC.framework */ = {isa = PBXFileReference; lastKnownFileType = wrapper.framework; name = AppleScriptObjC.framework; path = System/Library/Frameworks/AppleScriptObjC.framework; sourceTree = SDKROOT; };
		8BE2D77021FB74EA00E12848 /* iTunesBridge.swift */ = {isa = PBXFileReference; fileEncoding = 4; lastKnownFileType = sourcecode.swift; path = iTunesBridge.swift; sourceTree = "<group>"; };
		8BE2D77621FB751F00E12848 /* PlaylistImageCell.swift */ = {isa = PBXFileReference; fileEncoding = 4; lastKnownFileType = sourcecode.swift; path = PlaylistImageCell.swift; sourceTree = "<group>"; };
		8BE2D77721FB751F00E12848 /* PlaylistTableCellView.swift */ = {isa = PBXFileReference; fileEncoding = 4; lastKnownFileType = sourcecode.swift; path = PlaylistTableCellView.swift; sourceTree = "<group>"; };
		8BFDB41B2240444D008E8FED /* Types.swift */ = {isa = PBXFileReference; fileEncoding = 4; lastKnownFileType = sourcecode.swift; path = Types.swift; sourceTree = "<group>"; };
/* End PBXFileReference section */

/* Begin PBXFrameworksBuildPhase section */
		8BE2D75721FA8A9900E12848 /* Frameworks */ = {
			isa = PBXFrameworksBuildPhase;
			buildActionMask = 2147483647;
			files = (
				8B4B487C21FFC007000AA5C2 /* iTunesLibrary.framework in Frameworks */,
				8BE2D76F21FB74AC00E12848 /* AppleScriptObjC.framework in Frameworks */,
			);
			runOnlyForDeploymentPostprocessing = 0;
		};
/* End PBXFrameworksBuildPhase section */

/* Begin PBXGroup section */
		8B2E02D2225EA2D300ADC246 /* List */ = {
			isa = PBXGroup;
			children = (
				8B2E02D3225EA2D300ADC246 /* VGBaseTracksListView.swift */,
				8B2E02D4225EA2D300ADC246 /* iTunesTracksListView.xib */,
				8B2E02D5225EA2D300ADC246 /* iTunesTracksListView.swift */,
			);
			path = List;
			sourceTree = "<group>";
		};
		8B3CCB35221B40EC00BD7EC1 /* UI */ = {
			isa = PBXGroup;
			children = (
				8B2E02D2225EA2D300ADC246 /* List */,
				8BAE61D922527B07007C13FE /* Form */,
			);
			path = UI;
			sourceTree = "<group>";
		};
		8B3CCB38221B5A3000BD7EC1 /* Data */ = {
			isa = PBXGroup;
			children = (
				8B3CCB39221B5A3E00BD7EC1 /* ValueTransformer */,
			);
			path = Data;
			sourceTree = "<group>";
		};
		8B3CCB39221B5A3E00BD7EC1 /* ValueTransformer */ = {
			isa = PBXGroup;
			children = (
				8B3CCB3A221B5AA300BD7EC1 /* DurationValueTransformer.swift */,
				8B506E69221C575C006882F0 /* UInt64ValueTransformer.swift */,
			);
			path = ValueTransformer;
			sourceTree = "<group>";
		};
		8B3CCB3C221B750800BD7EC1 /* UI */ = {
			isa = PBXGroup;
			children = (
				8BCDFC822257A511007E263A /* List */,
				8B50841F2240518C001A9A6D /* Form */,
				8B3CCB36221B418400BD7EC1 /* NSSearchFieldFilterCell.swift */,
				8BE2D77621FB751F00E12848 /* PlaylistImageCell.swift */,
				8BE2D77721FB751F00E12848 /* PlaylistTableCellView.swift */,
			);
			path = UI;
			sourceTree = "<group>";
		};
		8B43834A2215F9630040D2EB /* VG_FW */ = {
			isa = PBXGroup;
			children = (
				8BD228DE2218BAF700A7ABA3 /* Controller */,
				8B3CCB38221B5A3000BD7EC1 /* Data */,
				8B6F3D7C2242F80700286C86 /* Model */,
				8BAE61E822527CE2007C13FE /* Operation */,
				8BB254962208D0B20063C8B6 /* Utils */,
				8B43834B2215F9700040D2EB /* View */,
			);
			path = VG_FW;
			sourceTree = "<group>";
		};
		8B43834B2215F9700040D2EB /* View */ = {
			isa = PBXGroup;
			children = (
				8B3CCB35221B40EC00BD7EC1 /* UI */,
				8B43834C2215FA490040D2EB /* VGBaseNSView.swift */,
				8B43835022160C7D0040D2EB /* VGLoadableNib.swift */,
			);
			path = View;
			sourceTree = "<group>";
		};
		8B50841F2240518C001A9A6D /* Form */ = {
			isa = PBXGroup;
			children = (
				8B5084202240519A001A9A6D /* ExportFormView.swift */,
			);
			path = Form;
			sourceTree = "<group>";
		};
		8B6F3D7C2242F80700286C86 /* Model */ = {
			isa = PBXGroup;
			children = (
				8B2E02D9225EA34000ADC246 /* iTunesObjects.swift */,
			);
			path = Model;
			sourceTree = "<group>";
		};
		8B7DC669221DF9F7004856F7 /* base */ = {
			isa = PBXGroup;
			children = (
				8B7DC66A221DFA3D004856F7 /* BaseProjectViewController.swift */,
			);
			path = base;
			sourceTree = "<group>";
		};
		8BAE61D922527B07007C13FE /* Form */ = {
			isa = PBXGroup;
			children = (
				8BAE61DA22527B07007C13FE /* VGBrowsePathFormView.swift */,
				8BAE61DC22527B07007C13FE /* VGBrowsePathFormView.xib */,
				8BAE61DE22527B07007C13FE /* VGComboBoxFormView.swift */,
				8BAE61DB22527B07007C13FE /* VGComboBoxFormView.xib */,
				8BAE61DD22527B07007C13FE /* VGForm.swift */,
				8BAE61E022527B07007C13FE /* VGTextInputFormView.swift */,
				8BAE61DF22527B07007C13FE /* VGTextInputFormView.xib */,
			);
			path = Form;
			sourceTree = "<group>";
		};
		8BAE61E822527CE2007C13FE /* Operation */ = {
			isa = PBXGroup;
			children = (
				8BAE61E922527CE2007C13FE /* VGOperation.swift */,
				8BAE61EA22527CE2007C13FE /* FilesOperationQueue.swift */,
				8BAE61EB22527CE2007C13FE /* FileOperation.swift */,
			);
			path = Operation;
			sourceTree = "<group>";
		};
		8BB2549522049E250063C8B6 /* Controller */ = {
			isa = PBXGroup;
			children = (
				8B7DC669221DF9F7004856F7 /* base */,
				8BE2D75F21FA8A9900E12848 /* ViewController.swift */,
				8B7DC665221DEA15004856F7 /* ExportController.swift */,
			);
			path = Controller;
			sourceTree = "<group>";
		};
		8BB254962208D0B20063C8B6 /* Utils */ = {
			isa = PBXGroup;
			children = (
				8BFDB41B2240444D008E8FED /* Types.swift */,
			);
			path = Utils;
			sourceTree = "<group>";
		};
		8BCDFC822257A511007E263A /* List */ = {
			isa = PBXGroup;
			children = (
				8B3CCB3D221B756600BD7EC1 /* TrackListCell.swift */,
				8B0DD5D92215C14300146683 /* TrackListView.xib */,
				8B0DD5DB2215C1A400146683 /* TrackListView.swift */,
			);
			path = List;
			sourceTree = "<group>";
		};
		8BD228DE2218BAF700A7ABA3 /* Controller */ = {
			isa = PBXGroup;
			children = (
				8BD228DF2218BB2C00A7ABA3 /* VGBaseNSViewController.swift */,
			);
			path = Controller;
			sourceTree = "<group>";
		};
		8BE2D75121FA8A9900E12848 = {
			isa = PBXGroup;
			children = (
				8BE2D76D21FB74AC00E12848 /* Frameworks */,
				8BE2D75C21FA8A9900E12848 /* iTunes Exporter */,
				8B4B487A21FFBFB2000AA5C2 /* iTunes-Exporter-Bridging-Header.h */,
				8BE2D75B21FA8A9900E12848 /* Products */,
				8B43834A2215F9630040D2EB /* VG_FW */,
			);
			sourceTree = "<group>";
		};
		8BE2D75B21FA8A9900E12848 /* Products */ = {
			isa = PBXGroup;
			children = (
				8BE2D75A21FA8A9900E12848 /* iTunes Exporter.app */,
			);
			name = Products;
			sourceTree = "<group>";
		};
		8BE2D75C21FA8A9900E12848 /* iTunes Exporter */ = {
			isa = PBXGroup;
			children = (
				8BE2D75D21FA8A9900E12848 /* AppDelegate.swift */,
				8BE2D76121FA8A9B00E12848 /* Assets.xcassets */,
				8BB2549522049E250063C8B6 /* Controller */,
				8BE2D76621FA8A9B00E12848 /* Info.plist */,
				8BE2D76721FA8A9B00E12848 /* iTunes_Exporter.entitlements */,
				8BE2D77021FB74EA00E12848 /* iTunesBridge.swift */,
				8BE2D76321FA8A9B00E12848 /* Main.storyboard */,
				8BE2D77221FB74F900E12848 /* Model */,
				8B43835222175ECB0040D2EB /* NotificationNameExtension.swift */,
				8B7DC667221DF5BC004856F7 /* StoryboardSegueIdentifierExtension.swift */,
				8BE2D77521FB751400E12848 /* View */,
			);
			path = "iTunes Exporter";
			sourceTree = "<group>";
		};
		8BE2D76D21FB74AC00E12848 /* Frameworks */ = {
			isa = PBXGroup;
			children = (
				8B4B487B21FFC007000AA5C2 /* iTunesLibrary.framework */,
				8BE2D76E21FB74AC00E12848 /* AppleScriptObjC.framework */,
			);
			name = Frameworks;
			sourceTree = "<group>";
		};
		8BE2D77221FB74F900E12848 /* Model */ = {
			isa = PBXGroup;
			children = (
				8B6F3D7D2242F87C00286C86 /* DataSources.swift */,
			);
			path = Model;
			sourceTree = "<group>";
		};
		8BE2D77521FB751400E12848 /* View */ = {
			isa = PBXGroup;
			children = (
				8B3CCB3C221B750800BD7EC1 /* UI */,
				8B0DD5D32214EA6200146683 /* TopBarView.swift */,
				8B3CCB31221B159800BD7EC1 /* AppInfosView.xib */,
				8B3CCB33221B15AA00BD7EC1 /* AppInfosView.swift */,
				8B6F3D7F2244191900286C86 /* ExportButton.swift */,
			);
			path = View;
			sourceTree = "<group>";
		};
/* End PBXGroup section */

/* Begin PBXNativeTarget section */
		8BE2D75921FA8A9900E12848 /* iTunes Exporter */ = {
			isa = PBXNativeTarget;
			buildConfigurationList = 8BE2D76A21FA8A9B00E12848 /* Build configuration list for PBXNativeTarget "iTunes Exporter" */;
			buildPhases = (
				8BE2D75621FA8A9900E12848 /* Sources */,
				8BE2D75721FA8A9900E12848 /* Frameworks */,
				8BE2D75821FA8A9900E12848 /* Resources */,
			);
			buildRules = (
			);
			dependencies = (
			);
			name = "iTunes Exporter";
			productName = "iTunes Exporter";
			productReference = 8BE2D75A21FA8A9900E12848 /* iTunes Exporter.app */;
			productType = "com.apple.product-type.application";
		};
/* End PBXNativeTarget section */

/* Begin PBXProject section */
		8BE2D75221FA8A9900E12848 /* Project object */ = {
			isa = PBXProject;
			attributes = {
				LastSwiftUpdateCheck = 1010;
				LastUpgradeCheck = 1010;
				ORGANIZATIONNAME = "Nicolas VEDRINE";
				TargetAttributes = {
					8BE2D75921FA8A9900E12848 = {
						CreatedOnToolsVersion = 10.1;
						SystemCapabilities = {
							com.apple.Sandbox = {
								enabled = 0;
							};
						};
					};
				};
			};
			buildConfigurationList = 8BE2D75521FA8A9900E12848 /* Build configuration list for PBXProject "iTunes Exporter" */;
			compatibilityVersion = "Xcode 9.3";
			developmentRegion = en;
			hasScannedForEncodings = 0;
			knownRegions = (
				en,
				Base,
			);
			mainGroup = 8BE2D75121FA8A9900E12848;
			productRefGroup = 8BE2D75B21FA8A9900E12848 /* Products */;
			projectDirPath = "";
			projectRoot = "";
			targets = (
				8BE2D75921FA8A9900E12848 /* iTunes Exporter */,
			);
		};
/* End PBXProject section */

/* Begin PBXResourcesBuildPhase section */
		8BE2D75821FA8A9900E12848 /* Resources */ = {
			isa = PBXResourcesBuildPhase;
			buildActionMask = 2147483647;
			files = (
				8B2E02D7225EA2D400ADC246 /* iTunesTracksListView.xib in Resources */,
				8BAE61E622527B07007C13FE /* VGTextInputFormView.xib in Resources */,
				8B0DD5DA2215C14300146683 /* TrackListView.xib in Resources */,
				8B3CCB32221B159800BD7EC1 /* AppInfosView.xib in Resources */,
				8BAE61E322527B07007C13FE /* VGBrowsePathFormView.xib in Resources */,
				8BAE61E222527B07007C13FE /* VGComboBoxFormView.xib in Resources */,
				8BE2D76221FA8A9B00E12848 /* Assets.xcassets in Resources */,
				8BE2D76521FA8A9B00E12848 /* Main.storyboard in Resources */,
			);
			runOnlyForDeploymentPostprocessing = 0;
		};
/* End PBXResourcesBuildPhase section */

/* Begin PBXSourcesBuildPhase section */
		8BE2D75621FA8A9900E12848 /* Sources */ = {
			isa = PBXSourcesBuildPhase;
			buildActionMask = 2147483647;
			files = (
				8B7DC668221DF5BC004856F7 /* StoryboardSegueIdentifierExtension.swift in Sources */,
				8BFDB41C2240444D008E8FED /* Types.swift in Sources */,
				8BAE61E122527B07007C13FE /* VGBrowsePathFormView.swift in Sources */,
				8BAE61ED22527CE2007C13FE /* VGOperation.swift in Sources */,
				8B0DD5DC2215C1A400146683 /* TrackListView.swift in Sources */,
				8B43834D2215FA490040D2EB /* VGBaseNSView.swift in Sources */,
				8BE2D77821FB751F00E12848 /* PlaylistImageCell.swift in Sources */,
				8B2E02D6225EA2D400ADC246 /* VGBaseTracksListView.swift in Sources */,
				8BAE61EE22527CE2007C13FE /* FilesOperationQueue.swift in Sources */,
				8BD228E02218BB2C00A7ABA3 /* VGBaseNSViewController.swift in Sources */,
				8B2E02D8225EA2D400ADC246 /* iTunesTracksListView.swift in Sources */,
				8B5084212240519A001A9A6D /* ExportFormView.swift in Sources */,
				8B0DD5D42214EA6200146683 /* TopBarView.swift in Sources */,
				8B6F3D7E2242F87C00286C86 /* DataSources.swift in Sources */,
				8B506E6A221C575C006882F0 /* UInt64ValueTransformer.swift in Sources */,
				8B7DC666221DEA15004856F7 /* ExportController.swift in Sources */,
				8B7DC66B221DFA3D004856F7 /* BaseProjectViewController.swift in Sources */,
				8BE2D76021FA8A9900E12848 /* ViewController.swift in Sources */,
				8B3CCB37221B418500BD7EC1 /* NSSearchFieldFilterCell.swift in Sources */,
				8BE2D77921FB751F00E12848 /* PlaylistTableCellView.swift in Sources */,
				8BAE61E522527B07007C13FE /* VGComboBoxFormView.swift in Sources */,
				8BAE61E722527B07007C13FE /* VGTextInputFormView.swift in Sources */,
				8BAE61EF22527CE2007C13FE /* FileOperation.swift in Sources */,
				8B2E02DA225EA34000ADC246 /* iTunesObjects.swift in Sources */,
				8B3CCB3B221B5AA300BD7EC1 /* DurationValueTransformer.swift in Sources */,
				8B3CCB34221B15AA00BD7EC1 /* AppInfosView.swift in Sources */,
				8B43835322175ECB0040D2EB /* NotificationNameExtension.swift in Sources */,
				8BE2D75E21FA8A9900E12848 /* AppDelegate.swift in Sources */,
				8B3CCB3E221B756600BD7EC1 /* TrackListCell.swift in Sources */,
				8B43835122160C7D0040D2EB /* VGLoadableNib.swift in Sources */,
				8B6F3D802244191900286C86 /* ExportButton.swift in Sources */,
				8BAE61E422527B07007C13FE /* VGForm.swift in Sources */,
				8BE2D77121FB74EA00E12848 /* iTunesBridge.swift in Sources */,
			);
			runOnlyForDeploymentPostprocessing = 0;
		};
/* End PBXSourcesBuildPhase section */

/* Begin PBXVariantGroup section */
		8BE2D76321FA8A9B00E12848 /* Main.storyboard */ = {
			isa = PBXVariantGroup;
			children = (
				8BE2D76421FA8A9B00E12848 /* Base */,
			);
			name = Main.storyboard;
			sourceTree = "<group>";
		};
/* End PBXVariantGroup section */

/* Begin XCBuildConfiguration section */
		8BE2D76821FA8A9B00E12848 /* Debug */ = {
			isa = XCBuildConfiguration;
			buildSettings = {
				ALWAYS_SEARCH_USER_PATHS = NO;
				CLANG_ANALYZER_NONNULL = YES;
				CLANG_ANALYZER_NUMBER_OBJECT_CONVERSION = YES_AGGRESSIVE;
				CLANG_CXX_LANGUAGE_STANDARD = "gnu++14";
				CLANG_CXX_LIBRARY = "libc++";
				CLANG_ENABLE_MODULES = YES;
				CLANG_ENABLE_OBJC_ARC = YES;
				CLANG_ENABLE_OBJC_WEAK = YES;
				CLANG_WARN_BLOCK_CAPTURE_AUTORELEASING = YES;
				CLANG_WARN_BOOL_CONVERSION = YES;
				CLANG_WARN_COMMA = YES;
				CLANG_WARN_CONSTANT_CONVERSION = YES;
				CLANG_WARN_DEPRECATED_OBJC_IMPLEMENTATIONS = YES;
				CLANG_WARN_DIRECT_OBJC_ISA_USAGE = YES_ERROR;
				CLANG_WARN_DOCUMENTATION_COMMENTS = YES;
				CLANG_WARN_EMPTY_BODY = YES;
				CLANG_WARN_ENUM_CONVERSION = YES;
				CLANG_WARN_INFINITE_RECURSION = YES;
				CLANG_WARN_INT_CONVERSION = YES;
				CLANG_WARN_NON_LITERAL_NULL_CONVERSION = YES;
				CLANG_WARN_OBJC_IMPLICIT_RETAIN_SELF = YES;
				CLANG_WARN_OBJC_LITERAL_CONVERSION = YES;
				CLANG_WARN_OBJC_ROOT_CLASS = YES_ERROR;
				CLANG_WARN_RANGE_LOOP_ANALYSIS = YES;
				CLANG_WARN_STRICT_PROTOTYPES = YES;
				CLANG_WARN_SUSPICIOUS_MOVE = YES;
				CLANG_WARN_UNGUARDED_AVAILABILITY = YES_AGGRESSIVE;
				CLANG_WARN_UNREACHABLE_CODE = YES;
				CLANG_WARN__DUPLICATE_METHOD_MATCH = YES;
				CODE_SIGN_IDENTITY = "Mac Developer";
				COPY_PHASE_STRIP = NO;
				DEBUG_INFORMATION_FORMAT = dwarf;
				ENABLE_STRICT_OBJC_MSGSEND = YES;
				ENABLE_TESTABILITY = YES;
				GCC_C_LANGUAGE_STANDARD = gnu11;
				GCC_DYNAMIC_NO_PIC = NO;
				GCC_NO_COMMON_BLOCKS = YES;
				GCC_OPTIMIZATION_LEVEL = 0;
				GCC_PREPROCESSOR_DEFINITIONS = (
					"DEBUG=1",
					"$(inherited)",
				);
				GCC_WARN_64_TO_32_BIT_CONVERSION = YES;
				GCC_WARN_ABOUT_RETURN_TYPE = YES_ERROR;
				GCC_WARN_UNDECLARED_SELECTOR = YES;
				GCC_WARN_UNINITIALIZED_AUTOS = YES_AGGRESSIVE;
				GCC_WARN_UNUSED_FUNCTION = YES;
				GCC_WARN_UNUSED_VARIABLE = YES;
				MACOSX_DEPLOYMENT_TARGET = 10.13;
				MTL_ENABLE_DEBUG_INFO = INCLUDE_SOURCE;
				MTL_FAST_MATH = YES;
				ONLY_ACTIVE_ARCH = YES;
				SDKROOT = macosx;
				SWIFT_ACTIVE_COMPILATION_CONDITIONS = DEBUG;
				SWIFT_OBJC_BRIDGING_HEADER = "/Users/developer/CloudStation/Documents/XCode/iTunes Exporter/iTunes Exporter/iTunes-Exporter-Bridging-Header.h";
				SWIFT_OPTIMIZATION_LEVEL = "-Onone";
			};
			name = Debug;
		};
		8BE2D76921FA8A9B00E12848 /* Release */ = {
			isa = XCBuildConfiguration;
			buildSettings = {
				ALWAYS_SEARCH_USER_PATHS = NO;
				CLANG_ANALYZER_NONNULL = YES;
				CLANG_ANALYZER_NUMBER_OBJECT_CONVERSION = YES_AGGRESSIVE;
				CLANG_CXX_LANGUAGE_STANDARD = "gnu++14";
				CLANG_CXX_LIBRARY = "libc++";
				CLANG_ENABLE_MODULES = YES;
				CLANG_ENABLE_OBJC_ARC = YES;
				CLANG_ENABLE_OBJC_WEAK = YES;
				CLANG_WARN_BLOCK_CAPTURE_AUTORELEASING = YES;
				CLANG_WARN_BOOL_CONVERSION = YES;
				CLANG_WARN_COMMA = YES;
				CLANG_WARN_CONSTANT_CONVERSION = YES;
				CLANG_WARN_DEPRECATED_OBJC_IMPLEMENTATIONS = YES;
				CLANG_WARN_DIRECT_OBJC_ISA_USAGE = YES_ERROR;
				CLANG_WARN_DOCUMENTATION_COMMENTS = YES;
				CLANG_WARN_EMPTY_BODY = YES;
				CLANG_WARN_ENUM_CONVERSION = YES;
				CLANG_WARN_INFINITE_RECURSION = YES;
				CLANG_WARN_INT_CONVERSION = YES;
				CLANG_WARN_NON_LITERAL_NULL_CONVERSION = YES;
				CLANG_WARN_OBJC_IMPLICIT_RETAIN_SELF = YES;
				CLANG_WARN_OBJC_LITERAL_CONVERSION = YES;
				CLANG_WARN_OBJC_ROOT_CLASS = YES_ERROR;
				CLANG_WARN_RANGE_LOOP_ANALYSIS = YES;
				CLANG_WARN_STRICT_PROTOTYPES = YES;
				CLANG_WARN_SUSPICIOUS_MOVE = YES;
				CLANG_WARN_UNGUARDED_AVAILABILITY = YES_AGGRESSIVE;
				CLANG_WARN_UNREACHABLE_CODE = YES;
				CLANG_WARN__DUPLICATE_METHOD_MATCH = YES;
				CODE_SIGN_IDENTITY = "Mac Developer";
				COPY_PHASE_STRIP = NO;
				DEBUG_INFORMATION_FORMAT = "dwarf-with-dsym";
				ENABLE_NS_ASSERTIONS = NO;
				ENABLE_STRICT_OBJC_MSGSEND = YES;
				GCC_C_LANGUAGE_STANDARD = gnu11;
				GCC_NO_COMMON_BLOCKS = YES;
				GCC_WARN_64_TO_32_BIT_CONVERSION = YES;
				GCC_WARN_ABOUT_RETURN_TYPE = YES_ERROR;
				GCC_WARN_UNDECLARED_SELECTOR = YES;
				GCC_WARN_UNINITIALIZED_AUTOS = YES_AGGRESSIVE;
				GCC_WARN_UNUSED_FUNCTION = YES;
				GCC_WARN_UNUSED_VARIABLE = YES;
				MACOSX_DEPLOYMENT_TARGET = 10.13;
				MTL_ENABLE_DEBUG_INFO = NO;
				MTL_FAST_MATH = YES;
				SDKROOT = macosx;
				SWIFT_COMPILATION_MODE = wholemodule;
				SWIFT_OBJC_BRIDGING_HEADER = "/Users/developer/CloudStation/Documents/XCode/iTunes Exporter/iTunes Exporter/iTunes-Exporter-Bridging-Header.h";
				SWIFT_OPTIMIZATION_LEVEL = "-O";
			};
			name = Release;
		};
		8BE2D76B21FA8A9B00E12848 /* Debug */ = {
			isa = XCBuildConfiguration;
			buildSettings = {
				ASSETCATALOG_COMPILER_APPICON_NAME = AppIcon;
				CODE_SIGN_STYLE = Automatic;
				COMBINE_HIDPI_IMAGES = YES;
				DEVELOPMENT_TEAM = YH96AGUJMF;
				INFOPLIST_FILE = "iTunes Exporter/Info.plist";
				LD_RUNPATH_SEARCH_PATHS = (
					"$(inherited)",
					"@executable_path/../Frameworks",
				);
				MACOSX_DEPLOYMENT_TARGET = 10.10;
				PRODUCT_BUNDLE_IDENTIFIER = "fr.videoandgo.iTunes-Exporter";
				PRODUCT_NAME = "$(TARGET_NAME)";
				SWIFT_VERSION = 4.2;
			};
			name = Debug;
		};
		8BE2D76C21FA8A9B00E12848 /* Release */ = {
			isa = XCBuildConfiguration;
			buildSettings = {
				ASSETCATALOG_COMPILER_APPICON_NAME = AppIcon;
				CODE_SIGN_STYLE = Automatic;
				COMBINE_HIDPI_IMAGES = YES;
				DEVELOPMENT_TEAM = YH96AGUJMF;
				INFOPLIST_FILE = "iTunes Exporter/Info.plist";
				LD_RUNPATH_SEARCH_PATHS = (
					"$(inherited)",
					"@executable_path/../Frameworks",
				);
				MACOSX_DEPLOYMENT_TARGET = 10.10;
				PRODUCT_BUNDLE_IDENTIFIER = "fr.videoandgo.iTunes-Exporter";
				PRODUCT_NAME = "$(TARGET_NAME)";
				SWIFT_VERSION = 4.2;
			};
			name = Release;
		};
/* End XCBuildConfiguration section */

/* Begin XCConfigurationList section */
		8BE2D75521FA8A9900E12848 /* Build configuration list for PBXProject "iTunes Exporter" */ = {
			isa = XCConfigurationList;
			buildConfigurations = (
				8BE2D76821FA8A9B00E12848 /* Debug */,
				8BE2D76921FA8A9B00E12848 /* Release */,
			);
			defaultConfigurationIsVisible = 0;
			defaultConfigurationName = Release;
		};
		8BE2D76A21FA8A9B00E12848 /* Build configuration list for PBXNativeTarget "iTunes Exporter" */ = {
			isa = XCConfigurationList;
			buildConfigurations = (
				8BE2D76B21FA8A9B00E12848 /* Debug */,
				8BE2D76C21FA8A9B00E12848 /* Release */,
			);
			defaultConfigurationIsVisible = 0;
			defaultConfigurationName = Release;
		};
/* End XCConfigurationList section */
	};
	rootObject = 8BE2D75221FA8A9900E12848 /* Project object */;
}
